
Microsoft Visual Studio Solution File, Format Version 12.00
# Visual Studio Version 17
VisualStudioVersion = 17.3.32825.248
MinimumVisualStudioVersion = 10.0.40219.1
Project("{FAE04EC0-301F-11D3-BF4B-00C04F79EFBC}") = "Contaminacion", "Contaminacion.csproj", "{16C3A250-8B44-4A3B-A396-4BBF2523AEC8}"
EndProject
Global
	GlobalSection(SolutionConfigurationPlatforms) = preSolution
		Debug|Any CPU = Debug|Any CPU
		Release|Any CPU = Release|Any CPU
	EndGlobalSection
	GlobalSection(ProjectConfigurationPlatforms) = postSolution
		{16C3A250-8B44-4A3B-A396-4BBF2523AEC8}.Debug|Any CPU.ActiveCfg = Debug|Any CPU
		{16C3A250-8B44-4A3B-A396-4BBF2523AEC8}.Debug|Any CPU.Build.0 = Debug|Any CPU
		{16C3A250-8B44-4A3B-A396-4BBF2523AEC8}.Release|Any CPU.ActiveCfg = Release|Any CPU
		{16C3A250-8B44-4A3B-A396-4BBF2523AEC8}.Release|Any CPU.Build.0 = Release|Any CPU
	EndGlobalSection
	GlobalSection(SolutionProperties) = preSolution
		HideSolutionNode = FALSE
	EndGlobalSection
	GlobalSection(ExtensibilityGlobals) = postSolution
		SolutionGuid = {973BDB57-5231-4112-822F-E41006BD9481}
	EndGlobalSection
EndGlobal
